
Microsoft Visual Studio Solution File, Format Version 12.00
# Visual Studio Version 16
VisualStudioVersion = 16.0.31624.102
MinimumVisualStudioVersion = 10.0.40219.1
Project("{FAE04EC0-301F-11D3-BF4B-00C04F79EFBC}") = "AppTarefa.Android", "AppTarefa\AppTarefa.Android\AppTarefa.Android.csproj", "{0611E7BD-43E5-47E9-9B7E-B963EDDF531C}"
EndProject
Project("{FAE04EC0-301F-11D3-BF4B-00C04F79EFBC}") = "AppTarefa.iOS", "AppTarefa\AppTarefa.iOS\AppTarefa.iOS.csproj", "{7207A891-3B68-4E2D-9A26-B6D096409895}"
EndProject
Project("{FAE04EC0-301F-11D3-BF4B-00C04F79EFBC}") = "AppTarefa", "AppTarefa\AppTarefa\AppTarefa.csproj", "{5DD74735-C5F3-4337-86EF-1204B8014FDD}"
EndProject
Global
	GlobalSection(SolutionConfigurationPlatforms) = preSolution
		Debug|Any CPU = Debug|Any CPU
		Debug|iPhone = Debug|iPhone
		Debug|iPhoneSimulator = Debug|iPhoneSimulator
		Release|Any CPU = Release|Any CPU
		Release|iPhone = Release|iPhone
		Release|iPhoneSimulator = Release|iPhoneSimulator
	EndGlobalSection
	GlobalSection(ProjectConfigurationPlatforms) = postSolution
		{0611E7BD-43E5-47E9-9B7E-B963EDDF531C}.Debug|Any CPU.ActiveCfg = Debug|Any CPU
		{0611E7BD-43E5-47E9-9B7E-B963EDDF531C}.Debug|Any CPU.Build.0 = Debug|Any CPU
		{0611E7BD-43E5-47E9-9B7E-B963EDDF531C}.Debug|Any CPU.Deploy.0 = Debug|Any CPU
		{0611E7BD-43E5-47E9-9B7E-B963EDDF531C}.Debug|iPhone.ActiveCfg = Debug|Any CPU
		{0611E7BD-43E5-47E9-9B7E-B963EDDF531C}.Debug|iPhone.Build.0 = Debug|Any CPU
		{0611E7BD-43E5-47E9-9B7E-B963EDDF531C}.Debug|iPhone.Deploy.0 = Debug|Any CPU
		{0611E7BD-43E5-47E9-9B7E-B963EDDF531C}.Debug|iPhoneSimulator.ActiveCfg = Debug|Any CPU
		{0611E7BD-43E5-47E9-9B7E-B963EDDF531C}.Debug|iPhoneSimulator.Build.0 = Debug|Any CPU
		{0611E7BD-43E5-47E9-9B7E-B963EDDF531C}.Debug|iPhoneSimulator.Deploy.0 = Debug|Any CPU
		{0611E7BD-43E5-47E9-9B7E-B963EDDF531C}.Release|Any CPU.ActiveCfg = Release|Any CPU
		{0611E7BD-43E5-47E9-9B7E-B963EDDF531C}.Release|Any CPU.Build.0 = Release|Any CPU
		{0611E7BD-43E5-47E9-9B7E-B963EDDF531C}.Release|Any CPU.Deploy.0 = Release|Any CPU
		{0611E7BD-43E5-47E9-9B7E-B963EDDF531C}.Release|iPhone.ActiveCfg = Release|Any CPU
		{0611E7BD-43E5-47E9-9B7E-B963EDDF531C}.Release|iPhone.Build.0 = Release|Any CPU
		{0611E7BD-43E5-47E9-9B7E-B963EDDF531C}.Release|iPhone.Deploy.0 = Release|Any CPU
		{0611E7BD-43E5-47E9-9B7E-B963EDDF531C}.Release|iPhoneSimulator.ActiveCfg = Release|Any CPU
		{0611E7BD-43E5-47E9-9B7E-B963EDDF531C}.Release|iPhoneSimulator.Build.0 = Release|Any CPU
		{0611E7BD-43E5-47E9-9B7E-B963EDDF531C}.Release|iPhoneSimulator.Deploy.0 = Release|Any CPU
		{7207A891-3B68-4E2D-9A26-B6D096409895}.Debug|Any CPU.ActiveCfg = Debug|iPhone
		{7207A891-3B68-4E2D-9A26-B6D096409895}.Debug|Any CPU.Build.0 = Debug|iPhone
		{7207A891-3B68-4E2D-9A26-B6D096409895}.Debug|Any CPU.Deploy.0 = Debug|iPhone
		{7207A891-3B68-4E2D-9A26-B6D096409895}.Debug|iPhone.ActiveCfg = Debug|iPhone
		{7207A891-3B68-4E2D-9A26-B6D096409895}.Debug|iPhone.Build.0 = Debug|iPhone
		{7207A891-3B68-4E2D-9A26-B6D096409895}.Debug|iPhone.Deploy.0 = Debug|iPhone
		{7207A891-3B68-4E2D-9A26-B6D096409895}.Debug|iPhoneSimulator.ActiveCfg = Debug|iPhoneSimulator
		{7207A891-3B68-4E2D-9A26-B6D096409895}.Debug|iPhoneSimulator.Build.0 = Debug|iPhoneSimulator
		{7207A891-3B68-4E2D-9A26-B6D096409895}.Debug|iPhoneSimulator.Deploy.0 = Debug|iPhoneSimulator
		{7207A891-3B68-4E2D-9A26-B6D096409895}.Release|Any CPU.ActiveCfg = Release|iPhoneSimulator
		{7207A891-3B68-4E2D-9A26-B6D096409895}.Release|Any CPU.Build.0 = Release|iPhoneSimulator
		{7207A891-3B68-4E2D-9A26-B6D096409895}.Release|Any CPU.Deploy.0 = Release|iPhoneSimulator
		{7207A891-3B68-4E2D-9A26-B6D096409895}.Release|iPhone.ActiveCfg = Release|iPhone
		{7207A891-3B68-4E2D-9A26-B6D096409895}.Release|iPhone.Build.0 = Release|iPhone
		{7207A891-3B68-4E2D-9A26-B6D096409895}.Release|iPhone.Deploy.0 = Release|iPhone
		{7207A891-3B68-4E2D-9A26-B6D096409895}.Release|iPhoneSimulator.ActiveCfg = Release|iPhoneSimulator
		{7207A891-3B68-4E2D-9A26-B6D096409895}.Release|iPhoneSimulator.Build.0 = Release|iPhoneSimulator
		{7207A891-3B68-4E2D-9A26-B6D096409895}.Release|iPhoneSimulator.Deploy.0 = Release|iPhoneSimulator
		{5DD74735-C5F3-4337-86EF-1204B8014FDD}.Debug|Any CPU.ActiveCfg = Debug|Any CPU
		{5DD74735-C5F3-4337-86EF-1204B8014FDD}.Debug|Any CPU.Build.0 = Debug|Any CPU
		{5DD74735-C5F3-4337-86EF-1204B8014FDD}.Debug|Any CPU.Deploy.0 = Debug|Any CPU
		{5DD74735-C5F3-4337-86EF-1204B8014FDD}.Debug|iPhone.ActiveCfg = Debug|Any CPU
		{5DD74735-C5F3-4337-86EF-1204B8014FDD}.Debug|iPhone.Build.0 = Debug|Any CPU
		{5DD74735-C5F3-4337-86EF-1204B8014FDD}.Debug|iPhone.Deploy.0 = Debug|Any CPU
		{5DD74735-C5F3-4337-86EF-1204B8014FDD}.Debug|iPhoneSimulator.ActiveCfg = Debug|Any CPU
		{5DD74735-C5F3-4337-86EF-1204B8014FDD}.Debug|iPhoneSimulator.Build.0 = Debug|Any CPU
		{5DD74735-C5F3-4337-86EF-1204B8014FDD}.Debug|iPhoneSimulator.Deploy.0 = Debug|Any CPU
		{5DD74735-C5F3-4337-86EF-1204B8014FDD}.Release|Any CPU.ActiveCfg = Release|Any CPU
		{5DD74735-C5F3-4337-86EF-1204B8014FDD}.Release|Any CPU.Build.0 = Release|Any CPU
		{5DD74735-C5F3-4337-86EF-1204B8014FDD}.Release|Any CPU.Deploy.0 = Release|Any CPU
		{5DD74735-C5F3-4337-86EF-1204B8014FDD}.Release|iPhone.ActiveCfg = Release|Any CPU
		{5DD74735-C5F3-4337-86EF-1204B8014FDD}.Release|iPhone.Build.0 = Release|Any CPU
		{5DD74735-C5F3-4337-86EF-1204B8014FDD}.Release|iPhone.Deploy.0 = Release|Any CPU
		{5DD74735-C5F3-4337-86EF-1204B8014FDD}.Release|iPhoneSimulator.ActiveCfg = Release|Any CPU
		{5DD74735-C5F3-4337-86EF-1204B8014FDD}.Release|iPhoneSimulator.Build.0 = Release|Any CPU
		{5DD74735-C5F3-4337-86EF-1204B8014FDD}.Release|iPhoneSimulator.Deploy.0 = Release|Any CPU
	EndGlobalSection
	GlobalSection(SolutionProperties) = preSolution
		HideSolutionNode = FALSE
	EndGlobalSection
	GlobalSection(ExtensibilityGlobals) = postSolution
		SolutionGuid = {1F816A46-8540-4498-AE76-5D390EF55FE9}
	EndGlobalSection
EndGlobal
