
Microsoft Visual Studio Solution File, Format Version 12.00
# Visual Studio Version 16
VisualStudioVersion = 16.0.31624.102
MinimumVisualStudioVersion = 10.0.40219.1
Project("{FAE04EC0-301F-11D3-BF4B-00C04F79EFBC}") = "AppQuantidade.Android", "AppQuantidade\AppQuantidade.Android\AppQuantidade.Android.csproj", "{28F854E1-A25B-462D-9D05-2C107EE93026}"
EndProject
Project("{FAE04EC0-301F-11D3-BF4B-00C04F79EFBC}") = "AppQuantidade.iOS", "AppQuantidade\AppQuantidade.iOS\AppQuantidade.iOS.csproj", "{E84AB065-BD6F-407B-9FC5-8D991FC45CCD}"
EndProject
Project("{FAE04EC0-301F-11D3-BF4B-00C04F79EFBC}") = "AppQuantidade", "AppQuantidade\AppQuantidade\AppQuantidade.csproj", "{3386ADF3-761A-40D8-94DB-8EEAA172B98C}"
EndProject
Global
	GlobalSection(SolutionConfigurationPlatforms) = preSolution
		Debug|Any CPU = Debug|Any CPU
		Debug|iPhone = Debug|iPhone
		Debug|iPhoneSimulator = Debug|iPhoneSimulator
		Release|Any CPU = Release|Any CPU
		Release|iPhone = Release|iPhone
		Release|iPhoneSimulator = Release|iPhoneSimulator
	EndGlobalSection
	GlobalSection(ProjectConfigurationPlatforms) = postSolution
		{28F854E1-A25B-462D-9D05-2C107EE93026}.Debug|Any CPU.ActiveCfg = Debug|Any CPU
		{28F854E1-A25B-462D-9D05-2C107EE93026}.Debug|Any CPU.Build.0 = Debug|Any CPU
		{28F854E1-A25B-462D-9D05-2C107EE93026}.Debug|Any CPU.Deploy.0 = Debug|Any CPU
		{28F854E1-A25B-462D-9D05-2C107EE93026}.Debug|iPhone.ActiveCfg = Debug|Any CPU
		{28F854E1-A25B-462D-9D05-2C107EE93026}.Debug|iPhone.Build.0 = Debug|Any CPU
		{28F854E1-A25B-462D-9D05-2C107EE93026}.Debug|iPhone.Deploy.0 = Debug|Any CPU
		{28F854E1-A25B-462D-9D05-2C107EE93026}.Debug|iPhoneSimulator.ActiveCfg = Debug|Any CPU
		{28F854E1-A25B-462D-9D05-2C107EE93026}.Debug|iPhoneSimulator.Build.0 = Debug|Any CPU
		{28F854E1-A25B-462D-9D05-2C107EE93026}.Debug|iPhoneSimulator.Deploy.0 = Debug|Any CPU
		{28F854E1-A25B-462D-9D05-2C107EE93026}.Release|Any CPU.ActiveCfg = Release|Any CPU
		{28F854E1-A25B-462D-9D05-2C107EE93026}.Release|Any CPU.Build.0 = Release|Any CPU
		{28F854E1-A25B-462D-9D05-2C107EE93026}.Release|Any CPU.Deploy.0 = Release|Any CPU
		{28F854E1-A25B-462D-9D05-2C107EE93026}.Release|iPhone.ActiveCfg = Release|Any CPU
		{28F854E1-A25B-462D-9D05-2C107EE93026}.Release|iPhone.Build.0 = Release|Any CPU
		{28F854E1-A25B-462D-9D05-2C107EE93026}.Release|iPhone.Deploy.0 = Release|Any CPU
		{28F854E1-A25B-462D-9D05-2C107EE93026}.Release|iPhoneSimulator.ActiveCfg = Release|Any CPU
		{28F854E1-A25B-462D-9D05-2C107EE93026}.Release|iPhoneSimulator.Build.0 = Release|Any CPU
		{28F854E1-A25B-462D-9D05-2C107EE93026}.Release|iPhoneSimulator.Deploy.0 = Release|Any CPU
		{E84AB065-BD6F-407B-9FC5-8D991FC45CCD}.Debug|Any CPU.ActiveCfg = Debug|iPhone
		{E84AB065-BD6F-407B-9FC5-8D991FC45CCD}.Debug|Any CPU.Build.0 = Debug|iPhone
		{E84AB065-BD6F-407B-9FC5-8D991FC45CCD}.Debug|Any CPU.Deploy.0 = Debug|iPhone
		{E84AB065-BD6F-407B-9FC5-8D991FC45CCD}.Debug|iPhone.ActiveCfg = Debug|iPhone
		{E84AB065-BD6F-407B-9FC5-8D991FC45CCD}.Debug|iPhone.Build.0 = Debug|iPhone
		{E84AB065-BD6F-407B-9FC5-8D991FC45CCD}.Debug|iPhone.Deploy.0 = Debug|iPhone
		{E84AB065-BD6F-407B-9FC5-8D991FC45CCD}.Debug|iPhoneSimulator.ActiveCfg = Debug|iPhoneSimulator
		{E84AB065-BD6F-407B-9FC5-8D991FC45CCD}.Debug|iPhoneSimulator.Build.0 = Debug|iPhoneSimulator
		{E84AB065-BD6F-407B-9FC5-8D991FC45CCD}.Debug|iPhoneSimulator.Deploy.0 = Debug|iPhoneSimulator
		{E84AB065-BD6F-407B-9FC5-8D991FC45CCD}.Release|Any CPU.ActiveCfg = Release|iPhoneSimulator
		{E84AB065-BD6F-407B-9FC5-8D991FC45CCD}.Release|Any CPU.Build.0 = Release|iPhoneSimulator
		{E84AB065-BD6F-407B-9FC5-8D991FC45CCD}.Release|Any CPU.Deploy.0 = Release|iPhoneSimulator
		{E84AB065-BD6F-407B-9FC5-8D991FC45CCD}.Release|iPhone.ActiveCfg = Release|iPhone
		{E84AB065-BD6F-407B-9FC5-8D991FC45CCD}.Release|iPhone.Build.0 = Release|iPhone
		{E84AB065-BD6F-407B-9FC5-8D991FC45CCD}.Release|iPhone.Deploy.0 = Release|iPhone
		{E84AB065-BD6F-407B-9FC5-8D991FC45CCD}.Release|iPhoneSimulator.ActiveCfg = Release|iPhoneSimulator
		{E84AB065-BD6F-407B-9FC5-8D991FC45CCD}.Release|iPhoneSimulator.Build.0 = Release|iPhoneSimulator
		{E84AB065-BD6F-407B-9FC5-8D991FC45CCD}.Release|iPhoneSimulator.Deploy.0 = Release|iPhoneSimulator
		{3386ADF3-761A-40D8-94DB-8EEAA172B98C}.Debug|Any CPU.ActiveCfg = Debug|Any CPU
		{3386ADF3-761A-40D8-94DB-8EEAA172B98C}.Debug|Any CPU.Build.0 = Debug|Any CPU
		{3386ADF3-761A-40D8-94DB-8EEAA172B98C}.Debug|Any CPU.Deploy.0 = Debug|Any CPU
		{3386ADF3-761A-40D8-94DB-8EEAA172B98C}.Debug|iPhone.ActiveCfg = Debug|Any CPU
		{3386ADF3-761A-40D8-94DB-8EEAA172B98C}.Debug|iPhone.Build.0 = Debug|Any CPU
		{3386ADF3-761A-40D8-94DB-8EEAA172B98C}.Debug|iPhone.Deploy.0 = Debug|Any CPU
		{3386ADF3-761A-40D8-94DB-8EEAA172B98C}.Debug|iPhoneSimulator.ActiveCfg = Debug|Any CPU
		{3386ADF3-761A-40D8-94DB-8EEAA172B98C}.Debug|iPhoneSimulator.Build.0 = Debug|Any CPU
		{3386ADF3-761A-40D8-94DB-8EEAA172B98C}.Debug|iPhoneSimulator.Deploy.0 = Debug|Any CPU
		{3386ADF3-761A-40D8-94DB-8EEAA172B98C}.Release|Any CPU.ActiveCfg = Release|Any CPU
		{3386ADF3-761A-40D8-94DB-8EEAA172B98C}.Release|Any CPU.Build.0 = Release|Any CPU
		{3386ADF3-761A-40D8-94DB-8EEAA172B98C}.Release|Any CPU.Deploy.0 = Release|Any CPU
		{3386ADF3-761A-40D8-94DB-8EEAA172B98C}.Release|iPhone.ActiveCfg = Release|Any CPU
		{3386ADF3-761A-40D8-94DB-8EEAA172B98C}.Release|iPhone.Build.0 = Release|Any CPU
		{3386ADF3-761A-40D8-94DB-8EEAA172B98C}.Release|iPhone.Deploy.0 = Release|Any CPU
		{3386ADF3-761A-40D8-94DB-8EEAA172B98C}.Release|iPhoneSimulator.ActiveCfg = Release|Any CPU
		{3386ADF3-761A-40D8-94DB-8EEAA172B98C}.Release|iPhoneSimulator.Build.0 = Release|Any CPU
		{3386ADF3-761A-40D8-94DB-8EEAA172B98C}.Release|iPhoneSimulator.Deploy.0 = Release|Any CPU
	EndGlobalSection
	GlobalSection(SolutionProperties) = preSolution
		HideSolutionNode = FALSE
	EndGlobalSection
	GlobalSection(ExtensibilityGlobals) = postSolution
		SolutionGuid = {06DF458D-D9CE-46DA-99F2-24F43101C7F4}
	EndGlobalSection
EndGlobal
